
Microsoft Visual Studio Solution File, Format Version 12.00
# Visual Studio Version 17
VisualStudioVersion = 17.6.33801.468
MinimumVisualStudioVersion = 10.0.40219.1
Project("{FAE04EC0-301F-11D3-BF4B-00C04F79EFBC}") = "ContactsManager", "ContactsManager\ContactsManager.csproj", "{90CD8D46-7A3E-4711-A6E6-FF490DD35865}"
EndProject
Global
	GlobalSection(SolutionConfigurationPlatforms) = preSolution
		Debug|Any CPU = Debug|Any CPU
		Release|Any CPU = Release|Any CPU
	EndGlobalSection
	GlobalSection(ProjectConfigurationPlatforms) = postSolution
		{90CD8D46-7A3E-4711-A6E6-FF490DD35865}.Debug|Any CPU.ActiveCfg = Debug|Any CPU
		{90CD8D46-7A3E-4711-A6E6-FF490DD35865}.Debug|Any CPU.Build.0 = Debug|Any CPU
		{90CD8D46-7A3E-4711-A6E6-FF490DD35865}.Release|Any CPU.ActiveCfg = Release|Any CPU
		{90CD8D46-7A3E-4711-A6E6-FF490DD35865}.Release|Any CPU.Build.0 = Release|Any CPU
	EndGlobalSection
	GlobalSection(SolutionProperties) = preSolution
		HideSolutionNode = FALSE
	EndGlobalSection
	GlobalSection(ExtensibilityGlobals) = postSolution
		SolutionGuid = {1639D7EB-05DF-4047-8241-FF2F5EFAC474}
	EndGlobalSection
EndGlobal
